PODS:
  - Alamofire (5.2.2)
  - JGProgressHUD (2.1)
  - SDWebImage (5.8.4):
    - SDWebImage/Core (= 5.8.4)
  - SDWebImage/Core (5.8.4)
  - SwiftMessages (8.0.0):
    - SwiftMessages/App (= 8.0.0)
  - SwiftMessages/App (8.0.0)
  - SwiftyJSON (5.0.0)

DEPENDENCIES:
  - Alamofire
  - JGProgressHUD
  - SDWebImage
  - SwiftMessages
  - SwiftyJSON

SPEC REPOS:
  trunk:
    - Alamofire
    - JGProgressHUD
    - SDWebImage
    - SwiftMessages
    - SwiftyJSON

SPEC CHECKSUMS:
  Alamofire: 814429acc853c6c54ff123fc3d2ef66803823ce0
  JGProgressHUD: aa403e9a5b45cae98903c4600cccdd98c0c3ec90
  SDWebImage: cf6922231e95550934da2ada0f20f2becf2ceba9
  SwiftMessages: 29e7975b1173fd4e8357600c6518b5a59bc607d6
  SwiftyJSON: 36413e04c44ee145039d332b4f4e2d3e8d6c4db7

PODFILE CHECKSUM: fdf9a3347ff253bd045c3d6cade0bc5aaf9a6797

COCOAPODS: 1.9.3
